
Microsoft Visual Studio Solution File, Format Version 12.00
# Visual Studio Version 16
VisualStudioVersion = 16.0.31515.178
MinimumVisualStudioVersion = 10.0.40219.1
Project("{FAE04EC0-301F-11D3-BF4B-00C04F79EFBC}") = "Transactions", "Transactions\Transactions.csproj", "{74467707-8D92-4DFB-B1CF-DE68C2531CBB}"
EndProject
Global
	GlobalSection(SolutionConfigurationPlatforms) = preSolution
		Debug|Any CPU = Debug|Any CPU
		Release|Any CPU = Release|Any CPU
	EndGlobalSection
	GlobalSection(ProjectConfigurationPlatforms) = postSolution
		{74467707-8D92-4DFB-B1CF-DE68C2531CBB}.Debug|Any CPU.ActiveCfg = Debug|Any CPU
		{74467707-8D92-4DFB-B1CF-DE68C2531CBB}.Debug|Any CPU.Build.0 = Debug|Any CPU
		{74467707-8D92-4DFB-B1CF-DE68C2531CBB}.Release|Any CPU.ActiveCfg = Release|Any CPU
		{74467707-8D92-4DFB-B1CF-DE68C2531CBB}.Release|Any CPU.Build.0 = Release|Any CPU
	EndGlobalSection
	GlobalSection(SolutionProperties) = preSolution
		HideSolutionNode = FALSE
	EndGlobalSection
	GlobalSection(ExtensibilityGlobals) = postSolution
		SolutionGuid = {07A9CBD7-D080-438B-99D0-BC45C543795D}
	EndGlobalSection
EndGlobal
